// !$*UTF8*$!
{
	archiveVersion = 1;
	classes = {
	};
	objectVersion = 50;
	objects = {

/* Begin PBXBuildFile section */
		210AE48B269ADD6A008BF85C /* AddressSetPage.swift in Sources */ = {isa = PBXBuildFile; fileRef = 210AE48A269ADD6A008BF85C /* AddressSetPage.swift */; };
		210AE48D269B4AD7008BF85C /* SearchAddressRow.swift in Sources */ = {isa = PBXBuildFile; fileRef = 210AE48C269B4AD7008BF85C /* SearchAddressRow.swift */; };
		21528358269F2C6C0007B94A /* seoul_address.json in Resources */ = {isa = PBXBuildFile; fileRef = 21528357269F2C6C0007B94A /* seoul_address.json */; };
		2152835A269F2D370007B94A /* LoadData.swift in Sources */ = {isa = PBXBuildFile; fileRef = 21528359269F2D370007B94A /* LoadData.swift */; };
		2152835C269F2D730007B94A /* Division.swift in Sources */ = {isa = PBXBuildFile; fileRef = 2152835B269F2D730007B94A /* Division.swift */; };
		21B769AC269AA79000003F4E /* CarrotMarketCloneApp.swift in Sources */ = {isa = PBXBuildFile; fileRef = 21B769AB269AA79000003F4E /* CarrotMarketCloneApp.swift */; };
		21B769AE269AA79000003F4E /* ContentView.swift in Sources */ = {isa = PBXBuildFile; fileRef = 21B769AD269AA79000003F4E /* ContentView.swift */; };
		21B769B0269AA79300003F4E /* Assets.xcassets in Resources */ = {isa = PBXBuildFile; fileRef = 21B769AF269AA79300003F4E /* Assets.xcassets */; };
		21B769B3269AA79300003F4E /* Preview Assets.xcassets in Resources */ = {isa = PBXBuildFile; fileRef = 21B769B2269AA79300003F4E /* Preview Assets.xcassets */; };
		21B769BB269AA80300003F4E /* Launch Screen.storyboard in Resources */ = {isa = PBXBuildFile; fileRef = 21B769BA269AA80300003F4E /* Launch Screen.storyboard */; };
		21B769C3269AB1DE00003F4E /* StartPage.swift in Sources */ = {isa = PBXBuildFile; fileRef = 21B769C2269AB1DE00003F4E /* StartPage.swift */; };
/* End PBXBuildFile section */

/* Begin PBXFileReference section */
		210AE48A269ADD6A008BF85C /* AddressSetPage.swift */ = {isa = PBXFileReference; lastKnownFileType = sourcecode.swift; path = AddressSetPage.swift; sourceTree = "<group>"; };
		210AE48C269B4AD7008BF85C /* SearchAddressRow.swift */ = {isa = PBXFileReference; lastKnownFileType = sourcecode.swift; path = SearchAddressRow.swift; sourceTree = "<group>"; };
		21528357269F2C6C0007B94A /* seoul_address.json */ = {isa = PBXFileReference; fileEncoding = 4; lastKnownFileType = text.json; name = seoul_address.json; path = CarrotMarketClone/seoul_address.json; sourceTree = "<group>"; };
		21528359269F2D370007B94A /* LoadData.swift */ = {isa = PBXFileReference; lastKnownFileType = sourcecode.swift; path = LoadData.swift; sourceTree = "<group>"; };
		2152835B269F2D730007B94A /* Division.swift */ = {isa = PBXFileReference; lastKnownFileType = sourcecode.swift; path = Division.swift; sourceTree = "<group>"; };
		21B769A8269AA79000003F4E /* CarrotMarketClone.app */ = {isa = PBXFileReference; explicitFileType = wrapper.application; includeInIndex = 0; path = CarrotMarketClone.app; sourceTree = BUILT_PRODUCTS_DIR; };
		21B769AB269AA79000003F4E /* CarrotMarketCloneApp.swift */ = {isa = PBXFileReference; lastKnownFileType = sourcecode.swift; path = CarrotMarketCloneApp.swift; sourceTree = "<group>"; };
		21B769AD269AA79000003F4E /* ContentView.swift */ = {isa = PBXFileReference; lastKnownFileType = sourcecode.swift; path = ContentView.swift; sourceTree = "<group>"; };
		21B769AF269AA79300003F4E /* Assets.xcassets */ = {isa = PBXFileReference; lastKnownFileType = folder.assetcatalog; path = Assets.xcassets; sourceTree = "<group>"; };
		21B769B2269AA79300003F4E /* Preview Assets.xcassets */ = {isa = PBXFileReference; lastKnownFileType = folder.assetcatalog; path = "Preview Assets.xcassets"; sourceTree = "<group>"; };
		21B769B4269AA79300003F4E /* Info.plist */ = {isa = PBXFileReference; lastKnownFileType = text.plist.xml; path = Info.plist; sourceTree = "<group>"; };
		21B769BA269AA80300003F4E /* Launch Screen.storyboard */ = {isa = PBXFileReference; lastKnownFileType = file.storyboard; path = "Launch Screen.storyboard"; sourceTree = "<group>"; };
		21B769C2269AB1DE00003F4E /* StartPage.swift */ = {isa = PBXFileReference; lastKnownFileType = sourcecode.swift; path = StartPage.swift; sourceTree = "<group>"; };
/* End PBXFileReference section */

/* Begin PBXFrameworksBuildPhase section */
		21B769A5269AA79000003F4E /* Frameworks */ = {
			isa = PBXFrameworksBuildPhase;
			buildActionMask = 2147483647;
			files = (
			);
			runOnlyForDeploymentPostprocessing = 0;
		};
/* End PBXFrameworksBuildPhase section */

/* Begin PBXGroup section */
		21B7699F269AA79000003F4E = {
			isa = PBXGroup;
			children = (
				21528357269F2C6C0007B94A /* seoul_address.json */,
				21B769AA269AA79000003F4E /* CarrotMarketClone */,
				21B769A9269AA79000003F4E /* Products */,
			);
			sourceTree = "<group>";
		};
		21B769A9269AA79000003F4E /* Products */ = {
			isa = PBXGroup;
			children = (
				21B769A8269AA79000003F4E /* CarrotMarketClone.app */,
			);
			name = Products;
			sourceTree = "<group>";
		};
		21B769AA269AA79000003F4E /* CarrotMarketClone */ = {
			isa = PBXGroup;
			children = (
				21B769BF269AB0EC00003F4E /* Model */,
				21B769BE269AB0E600003F4E /* View */,
				21B769AB269AA79000003F4E /* CarrotMarketCloneApp.swift */,
				21B769AF269AA79300003F4E /* Assets.xcassets */,
				21B769B4269AA79300003F4E /* Info.plist */,
				21B769B1269AA79300003F4E /* Preview Content */,
				21B769BA269AA80300003F4E /* Launch Screen.storyboard */,
			);
			path = CarrotMarketClone;
			sourceTree = "<group>";
		};
		21B769B1269AA79300003F4E /* Preview Content */ = {
			isa = PBXGroup;
			children = (
				21B769B2269AA79300003F4E /* Preview Assets.xcassets */,
			);
			path = "Preview Content";
			sourceTree = "<group>";
		};
		21B769BE269AB0E600003F4E /* View */ = {
			isa = PBXGroup;
			children = (
				21B769AD269AA79000003F4E /* ContentView.swift */,
				21B769C1269AB1B500003F4E /* Pages */,
				21B769C0269AB0FB00003F4E /* Helpers */,
			);
			path = View;
			sourceTree = "<group>";
		};
		21B769BF269AB0EC00003F4E /* Model */ = {
			isa = PBXGroup;
			children = (
				21528359269F2D370007B94A /* LoadData.swift */,
				2152835B269F2D730007B94A /* Division.swift */,
			);
			path = Model;
			sourceTree = "<group>";
		};
		21B769C0269AB0FB00003F4E /* Helpers */ = {
			isa = PBXGroup;
			children = (
				210AE48C269B4AD7008BF85C /* SearchAddressRow.swift */,
			);
			path = Helpers;
			sourceTree = "<group>";
		};
		21B769C1269AB1B500003F4E /* Pages */ = {
			isa = PBXGroup;
			children = (
				21B769C2269AB1DE00003F4E /* StartPage.swift */,
				210AE48A269ADD6A008BF85C /* AddressSetPage.swift */,
			);
			path = Pages;
			sourceTree = "<group>";
		};
/* End PBXGroup section */

/* Begin PBXNativeTarget section */
		21B769A7269AA79000003F4E /* CarrotMarketClone */ = {
			isa = PBXNativeTarget;
			buildConfigurationList = 21B769B7269AA79300003F4E /* Build configuration list for PBXNativeTarget "CarrotMarketClone" */;
			buildPhases = (
				21B769A4269AA79000003F4E /* Sources */,
				21B769A5269AA79000003F4E /* Frameworks */,
				21B769A6269AA79000003F4E /* Resources */,
			);
			buildRules = (
			);
			dependencies = (
			);
			name = CarrotMarketClone;
			productName = CarrotMarketClone;
			productReference = 21B769A8269AA79000003F4E /* CarrotMarketClone.app */;
			productType = "com.apple.product-type.application";
		};
/* End PBXNativeTarget section */

/* Begin PBXProject section */
		21B769A0269AA79000003F4E /* Project object */ = {
			isa = PBXProject;
			attributes = {
				LastSwiftUpdateCheck = 1250;
				LastUpgradeCheck = 1250;
				TargetAttributes = {
					21B769A7269AA79000003F4E = {
						CreatedOnToolsVersion = 12.5.1;
					};
				};
			};
			buildConfigurationList = 21B769A3269AA79000003F4E /* Build configuration list for PBXProject "CarrotMarketClone" */;
			compatibilityVersion = "Xcode 9.3";
			developmentRegion = en;
			hasScannedForEncodings = 0;
			knownRegions = (
				en,
				Base,
			);
			mainGroup = 21B7699F269AA79000003F4E;
			productRefGroup = 21B769A9269AA79000003F4E /* Products */;
			projectDirPath = "";
			projectRoot = "";
			targets = (
				21B769A7269AA79000003F4E /* CarrotMarketClone */,
			);
		};
/* End PBXProject section */

/* Begin PBXResourcesBuildPhase section */
		21B769A6269AA79000003F4E /* Resources */ = {
			isa = PBXResourcesBuildPhase;
			buildActionMask = 2147483647;
			files = (
				21B769BB269AA80300003F4E /* Launch Screen.storyboard in Resources */,
				21B769B3269AA79300003F4E /* Preview Assets.xcassets in Resources */,
				21B769B0269AA79300003F4E /* Assets.xcassets in Resources */,
				21528358269F2C6C0007B94A /* seoul_address.json in Resources */,
			);
			runOnlyForDeploymentPostprocessing = 0;
		};
/* End PBXResourcesBuildPhase section */

/* Begin PBXSourcesBuildPhase section */
		21B769A4269AA79000003F4E /* Sources */ = {
			isa = PBXSourcesBuildPhase;
			buildActionMask = 2147483647;
			files = (
				21B769AE269AA79000003F4E /* ContentView.swift in Sources */,
				21B769C3269AB1DE00003F4E /* StartPage.swift in Sources */,
				210AE48D269B4AD7008BF85C /* SearchAddressRow.swift in Sources */,
				210AE48B269ADD6A008BF85C /* AddressSetPage.swift in Sources */,
				21B769AC269AA79000003F4E /* CarrotMarketCloneApp.swift in Sources */,
				2152835A269F2D370007B94A /* LoadData.swift in Sources */,
				2152835C269F2D730007B94A /* Division.swift in Sources */,
			);
			runOnlyForDeploymentPostprocessing = 0;
		};
/* End PBXSourcesBuildPhase section */

/* Begin XCBuildConfiguration section */
		21B769B5269AA79300003F4E /* Debug */ = {
			isa = XCBuildConfiguration;
			buildSettings = {
				ALWAYS_SEARCH_USER_PATHS = NO;
				CLANG_ANALYZER_NONNULL = YES;
				CLANG_ANALYZER_NUMBER_OBJECT_CONVERSION = YES_AGGRESSIVE;
				CLANG_CXX_LANGUAGE_STANDARD = "gnu++14";
				CLANG_CXX_LIBRARY = "libc++";
				CLANG_ENABLE_MODULES = YES;
				CLANG_ENABLE_OBJC_ARC = YES;
				CLANG_ENABLE_OBJC_WEAK = YES;
				CLANG_WARN_BLOCK_CAPTURE_AUTORELEASING = YES;
				CLANG_WARN_BOOL_CONVERSION = YES;
				CLANG_WARN_COMMA = YES;
				CLANG_WARN_CONSTANT_CONVERSION = YES;
				CLANG_WARN_DEPRECATED_OBJC_IMPLEMENTATIONS = YES;
				CLANG_WARN_DIRECT_OBJC_ISA_USAGE = YES_ERROR;
				CLANG_WARN_DOCUMENTATION_COMMENTS = YES;
				CLANG_WARN_EMPTY_BODY = YES;
				CLANG_WARN_ENUM_CONVERSION = YES;
				CLANG_WARN_INFINITE_RECURSION = YES;
				CLANG_WARN_INT_CONVERSION = YES;
				CLANG_WARN_NON_LITERAL_NULL_CONVERSION = YES;
				CLANG_WARN_OBJC_IMPLICIT_RETAIN_SELF = YES;
				CLANG_WARN_OBJC_LITERAL_CONVERSION = YES;
				CLANG_WARN_OBJC_ROOT_CLASS = YES_ERROR;
				CLANG_WARN_QUOTED_INCLUDE_IN_FRAMEWORK_HEADER = YES;
				CLANG_WARN_RANGE_LOOP_ANALYSIS = YES;
				CLANG_WARN_STRICT_PROTOTYPES = YES;
				CLANG_WARN_SUSPICIOUS_MOVE = YES;
				CLANG_WARN_UNGUARDED_AVAILABILITY = YES_AGGRESSIVE;
				CLANG_WARN_UNREACHABLE_CODE = YES;
				CLANG_WARN__DUPLICATE_METHOD_MATCH = YES;
				COPY_PHASE_STRIP = NO;
				DEBUG_INFORMATION_FORMAT = dwarf;
				ENABLE_STRICT_OBJC_MSGSEND = YES;
				ENABLE_TESTABILITY = YES;
				GCC_C_LANGUAGE_STANDARD = gnu11;
				GCC_DYNAMIC_NO_PIC = NO;
				GCC_NO_COMMON_BLOCKS = YES;
				GCC_OPTIMIZATION_LEVEL = 0;
				GCC_PREPROCESSOR_DEFINITIONS = (
					"DEBUG=1",
					"$(inherited)",
				);
				GCC_WARN_64_TO_32_BIT_CONVERSION = YES;
				GCC_WARN_ABOUT_RETURN_TYPE = YES_ERROR;
				GCC_WARN_UNDECLARED_SELECTOR = YES;
				GCC_WARN_UNINITIALIZED_AUTOS = YES_AGGRESSIVE;
				GCC_WARN_UNUSED_FUNCTION = YES;
				GCC_WARN_UNUSED_VARIABLE = YES;
				IPHONEOS_DEPLOYMENT_TARGET = 14.5;
				MTL_ENABLE_DEBUG_INFO = INCLUDE_SOURCE;
				MTL_FAST_MATH = YES;
				ONLY_ACTIVE_ARCH = YES;
				SDKROOT = iphoneos;
				SWIFT_ACTIVE_COMPILATION_CONDITIONS = DEBUG;
				SWIFT_OPTIMIZATION_LEVEL = "-Onone";
			};
			name = Debug;
		};
		21B769B6269AA79300003F4E /* Release */ = {
			isa = XCBuildConfiguration;
			buildSettings = {
				ALWAYS_SEARCH_USER_PATHS = NO;
				CLANG_ANALYZER_NONNULL = YES;
				CLANG_ANALYZER_NUMBER_OBJECT_CONVERSION = YES_AGGRESSIVE;
				CLANG_CXX_LANGUAGE_STANDARD = "gnu++14";
				CLANG_CXX_LIBRARY = "libc++";
				CLANG_ENABLE_MODULES = YES;
				CLANG_ENABLE_OBJC_ARC = YES;
				CLANG_ENABLE_OBJC_WEAK = YES;
				CLANG_WARN_BLOCK_CAPTURE_AUTORELEASING = YES;
				CLANG_WARN_BOOL_CONVERSION = YES;
				CLANG_WARN_COMMA = YES;
				CLANG_WARN_CONSTANT_CONVERSION = YES;
				CLANG_WARN_DEPRECATED_OBJC_IMPLEMENTATIONS = YES;
				CLANG_WARN_DIRECT_OBJC_ISA_USAGE = YES_ERROR;
				CLANG_WARN_DOCUMENTATION_COMMENTS = YES;
				CLANG_WARN_EMPTY_BODY = YES;
				CLANG_WARN_ENUM_CONVERSION = YES;
				CLANG_WARN_INFINITE_RECURSION = YES;
				CLANG_WARN_INT_CONVERSION = YES;
				CLANG_WARN_NON_LITERAL_NULL_CONVERSION = YES;
				CLANG_WARN_OBJC_IMPLICIT_RETAIN_SELF = YES;
				CLANG_WARN_OBJC_LITERAL_CONVERSION = YES;
				CLANG_WARN_OBJC_ROOT_CLASS = YES_ERROR;
				CLANG_WARN_QUOTED_INCLUDE_IN_FRAMEWORK_HEADER = YES;
				CLANG_WARN_RANGE_LOOP_ANALYSIS = YES;
				CLANG_WARN_STRICT_PROTOTYPES = YES;
				CLANG_WARN_SUSPICIOUS_MOVE = YES;
				CLANG_WARN_UNGUARDED_AVAILABILITY = YES_AGGRESSIVE;
				CLANG_WARN_UNREACHABLE_CODE = YES;
				CLANG_WARN__DUPLICATE_METHOD_MATCH = YES;
				COPY_PHASE_STRIP = NO;
				DEBUG_INFORMATION_FORMAT = "dwarf-with-dsym";
				ENABLE_NS_ASSERTIONS = NO;
				ENABLE_STRICT_OBJC_MSGSEND = YES;
				GCC_C_LANGUAGE_STANDARD = gnu11;
				GCC_NO_COMMON_BLOCKS = YES;
				GCC_WARN_64_TO_32_BIT_CONVERSION = YES;
				GCC_WARN_ABOUT_RETURN_TYPE = YES_ERROR;
				GCC_WARN_UNDECLARED_SELECTOR = YES;
				GCC_WARN_UNINITIALIZED_AUTOS = YES_AGGRESSIVE;
				GCC_WARN_UNUSED_FUNCTION = YES;
				GCC_WARN_UNUSED_VARIABLE = YES;
				IPHONEOS_DEPLOYMENT_TARGET = 14.5;
				MTL_ENABLE_DEBUG_INFO = NO;
				MTL_FAST_MATH = YES;
				SDKROOT = iphoneos;
				SWIFT_COMPILATION_MODE = wholemodule;
				SWIFT_OPTIMIZATION_LEVEL = "-O";
				VALIDATE_PRODUCT = YES;
			};
			name = Release;
		};
		21B769B8269AA79300003F4E /* Debug */ = {
			isa = XCBuildConfiguration;
			buildSettings = {
				ASSETCATALOG_COMPILER_APPICON_NAME = AppIcon;
				ASSETCATALOG_COMPILER_GLOBAL_ACCENT_COLOR_NAME = AccentColor;
				CODE_SIGN_STYLE = Automatic;
				DEVELOPMENT_ASSET_PATHS = "\"CarrotMarketClone/Preview Content\"";
				DEVELOPMENT_TEAM = DJ4VR5K6KR;
				ENABLE_PREVIEWS = YES;
				INFOPLIST_FILE = CarrotMarketClone/Info.plist;
				IPHONEOS_DEPLOYMENT_TARGET = 14.0;
				LD_RUNPATH_SEARCH_PATHS = (
					"$(inherited)",
					"@executable_path/Frameworks",
				);
				PRODUCT_BUNDLE_IDENTIFIER = com.gohdong.CarrotMarketClone;
				PRODUCT_NAME = "$(TARGET_NAME)";
				SWIFT_VERSION = 5.0;
				TARGETED_DEVICE_FAMILY = 1;
			};
			name = Debug;
		};
		21B769B9269AA79300003F4E /* Release */ = {
			isa = XCBuildConfiguration;
			buildSettings = {
				ASSETCATALOG_COMPILER_APPICON_NAME = AppIcon;
				ASSETCATALOG_COMPILER_GLOBAL_ACCENT_COLOR_NAME = AccentColor;
				CODE_SIGN_STYLE = Automatic;
				DEVELOPMENT_ASSET_PATHS = "\"CarrotMarketClone/Preview Content\"";
				DEVELOPMENT_TEAM = DJ4VR5K6KR;
				ENABLE_PREVIEWS = YES;
				INFOPLIST_FILE = CarrotMarketClone/Info.plist;
				IPHONEOS_DEPLOYMENT_TARGET = 14.0;
				LD_RUNPATH_SEARCH_PATHS = (
					"$(inherited)",
					"@executable_path/Frameworks",
				);
				PRODUCT_BUNDLE_IDENTIFIER = com.gohdong.CarrotMarketClone;
				PRODUCT_NAME = "$(TARGET_NAME)";
				SWIFT_VERSION = 5.0;
				TARGETED_DEVICE_FAMILY = 1;
			};
			name = Release;
		};
/* End XCBuildConfiguration section */

/* Begin XCConfigurationList section */
		21B769A3269AA79000003F4E /* Build configuration list for PBXProject "CarrotMarketClone" */ = {
			isa = XCConfigurationList;
			buildConfigurations = (
				21B769B5269AA79300003F4E /* Debug */,
				21B769B6269AA79300003F4E /* Release */,
			);
			defaultConfigurationIsVisible = 0;
			defaultConfigurationName = Release;
		};
		21B769B7269AA79300003F4E /* Build configuration list for PBXNativeTarget "CarrotMarketClone" */ = {
			isa = XCConfigurationList;
			buildConfigurations = (
				21B769B8269AA79300003F4E /* Debug */,
				21B769B9269AA79300003F4E /* Release */,
			);
			defaultConfigurationIsVisible = 0;
			defaultConfigurationName = Release;
		};
/* End XCConfigurationList section */
	};
	rootObject = 21B769A0269AA79000003F4E /* Project object */;
}
